
Microsoft Visual Studio Solution File, Format Version 12.00
# Visual Studio 14
VisualStudioVersion = 14.0.25420.1
MinimumVisualStudioVersion = 10.0.40219.1
Project("{FAE04EC0-301F-11D3-BF4B-00C04F79EFBC}") = "Master.Mission", "Master.Mission\Master.Mission.csproj", "{DEC18F48-9DBC-431A-9D79-5594057295F8}"
EndProject
Project("{FAE04EC0-301F-11D3-BF4B-00C04F79EFBC}") = "Master.Mission.Win", "Master.Mission.Win\Master.Mission.Win.csproj", "{E24A2131-F50E-4919-A87D-EA0BC20BAC11}"
EndProject
Project("{FAE04EC0-301F-11D3-BF4B-00C04F79EFBC}") = "Donnees", "Donnees\Donnees.csproj", "{3C6BFBE0-9AA2-4C2D-BBBD-BF02067A4EEC}"
EndProject
Project("{FAE04EC0-301F-11D3-BF4B-00C04F79EFBC}") = "Metier", "Metier\Metier.csproj", "{F5BF266F-E3B8-4A78-A6A4-2558997D2496}"
EndProject
Project("{2150E333-8FDC-42A3-9474-1A3956D46DE8}") = "IHM", "IHM", "{9D8EFFB8-AC27-4B08-A05C-F8D2BF9F0AAF}"
EndProject
Project("{2150E333-8FDC-42A3-9474-1A3956D46DE8}") = "Métier", "Métier", "{F9D11205-B0FF-461B-A8ED-E5C8FF1C77AD}"
EndProject
Project("{2150E333-8FDC-42A3-9474-1A3956D46DE8}") = "Données", "Données", "{C4B3933B-9597-44D6-B9F1-E8891E97655E}"
EndProject
Project("{2150E333-8FDC-42A3-9474-1A3956D46DE8}") = "Commun", "Commun", "{A3635D64-5E62-4AE5-946C-D9EBA5BEA1C0}"
EndProject
Project("{2150E333-8FDC-42A3-9474-1A3956D46DE8}") = "Tests", "Tests", "{DF601A72-05A6-42A3-A8A6-9A7DFE20F985}"
EndProject
Project("{FAE04EC0-301F-11D3-BF4B-00C04F79EFBC}") = "Outils", "Outils\Outils.csproj", "{5D8A136E-759A-46DE-B8A7-FD3F4678FBD6}"
EndProject
Project("{FAE04EC0-301F-11D3-BF4B-00C04F79EFBC}") = "TestMasterMission", "TestMasterMission\TestMasterMission.csproj", "{98D06B4B-90E2-4661-B554-EABAE3789E7C}"
EndProject
Global
	GlobalSection(SolutionConfigurationPlatforms) = preSolution
		Debug|Any CPU = Debug|Any CPU
		Release|Any CPU = Release|Any CPU
	EndGlobalSection
	GlobalSection(ProjectConfigurationPlatforms) = postSolution
		{DEC18F48-9DBC-431A-9D79-5594057295F8}.Debug|Any CPU.ActiveCfg = Debug|Any CPU
		{DEC18F48-9DBC-431A-9D79-5594057295F8}.Debug|Any CPU.Build.0 = Debug|Any CPU
		{DEC18F48-9DBC-431A-9D79-5594057295F8}.Release|Any CPU.ActiveCfg = Release|Any CPU
		{DEC18F48-9DBC-431A-9D79-5594057295F8}.Release|Any CPU.Build.0 = Release|Any CPU
		{E24A2131-F50E-4919-A87D-EA0BC20BAC11}.Debug|Any CPU.ActiveCfg = Debug|Any CPU
		{E24A2131-F50E-4919-A87D-EA0BC20BAC11}.Debug|Any CPU.Build.0 = Debug|Any CPU
		{E24A2131-F50E-4919-A87D-EA0BC20BAC11}.Release|Any CPU.ActiveCfg = Release|Any CPU
		{E24A2131-F50E-4919-A87D-EA0BC20BAC11}.Release|Any CPU.Build.0 = Release|Any CPU
		{3C6BFBE0-9AA2-4C2D-BBBD-BF02067A4EEC}.Debug|Any CPU.ActiveCfg = Debug|Any CPU
		{3C6BFBE0-9AA2-4C2D-BBBD-BF02067A4EEC}.Debug|Any CPU.Build.0 = Debug|Any CPU
		{3C6BFBE0-9AA2-4C2D-BBBD-BF02067A4EEC}.Release|Any CPU.ActiveCfg = Release|Any CPU
		{3C6BFBE0-9AA2-4C2D-BBBD-BF02067A4EEC}.Release|Any CPU.Build.0 = Release|Any CPU
		{F5BF266F-E3B8-4A78-A6A4-2558997D2496}.Debug|Any CPU.ActiveCfg = Debug|Any CPU
		{F5BF266F-E3B8-4A78-A6A4-2558997D2496}.Debug|Any CPU.Build.0 = Debug|Any CPU
		{F5BF266F-E3B8-4A78-A6A4-2558997D2496}.Release|Any CPU.ActiveCfg = Release|Any CPU
		{F5BF266F-E3B8-4A78-A6A4-2558997D2496}.Release|Any CPU.Build.0 = Release|Any CPU
		{5D8A136E-759A-46DE-B8A7-FD3F4678FBD6}.Debug|Any CPU.ActiveCfg = Debug|Any CPU
		{5D8A136E-759A-46DE-B8A7-FD3F4678FBD6}.Debug|Any CPU.Build.0 = Debug|Any CPU
		{5D8A136E-759A-46DE-B8A7-FD3F4678FBD6}.Release|Any CPU.ActiveCfg = Release|Any CPU
		{5D8A136E-759A-46DE-B8A7-FD3F4678FBD6}.Release|Any CPU.Build.0 = Release|Any CPU
		{98D06B4B-90E2-4661-B554-EABAE3789E7C}.Debug|Any CPU.ActiveCfg = Debug|Any CPU
		{98D06B4B-90E2-4661-B554-EABAE3789E7C}.Debug|Any CPU.Build.0 = Debug|Any CPU
		{98D06B4B-90E2-4661-B554-EABAE3789E7C}.Release|Any CPU.ActiveCfg = Release|Any CPU
		{98D06B4B-90E2-4661-B554-EABAE3789E7C}.Release|Any CPU.Build.0 = Release|Any CPU
	EndGlobalSection
	GlobalSection(SolutionProperties) = preSolution
		HideSolutionNode = FALSE
	EndGlobalSection
	GlobalSection(NestedProjects) = preSolution
		{DEC18F48-9DBC-431A-9D79-5594057295F8} = {9D8EFFB8-AC27-4B08-A05C-F8D2BF9F0AAF}
		{E24A2131-F50E-4919-A87D-EA0BC20BAC11} = {9D8EFFB8-AC27-4B08-A05C-F8D2BF9F0AAF}
		{3C6BFBE0-9AA2-4C2D-BBBD-BF02067A4EEC} = {C4B3933B-9597-44D6-B9F1-E8891E97655E}
		{F5BF266F-E3B8-4A78-A6A4-2558997D2496} = {F9D11205-B0FF-461B-A8ED-E5C8FF1C77AD}
		{5D8A136E-759A-46DE-B8A7-FD3F4678FBD6} = {A3635D64-5E62-4AE5-946C-D9EBA5BEA1C0}
		{98D06B4B-90E2-4661-B554-EABAE3789E7C} = {DF601A72-05A6-42A3-A8A6-9A7DFE20F985}
	EndGlobalSection
EndGlobal
